
Microsoft Visual Studio Solution File, Format Version 12.00
# Visual Studio 15
VisualStudioVersion = 15.0.27130.2010
MinimumVisualStudioVersion = 10.0.40219.1
Project("{9A19103F-16F7-4668-BE54-9A1E7A4F7556}") = "Vanguard.Framework.Core", "src\Vanguard.Framework.Core\Vanguard.Framework.Core.csproj", "{4286E3E3-EE0F-42F4-874B-CDE114844F93}"
EndProject
Project("{9A19103F-16F7-4668-BE54-9A1E7A4F7556}") = "ExampleService", "examples\ExampleService\ExampleService.csproj", "{1F3FFCC8-8F48-4858-BA17-B516D609F831}"
EndProject
Project("{9A19103F-16F7-4668-BE54-9A1E7A4F7556}") = "Vanguard.Framework.Core.Tests", "tests\Vanguard.Framework.Core.Tests\Vanguard.Framework.Core.Tests.csproj", "{F38C8C6D-BB10-4E8D-B4AC-C369DAE646D9}"
EndProject
Project("{9A19103F-16F7-4668-BE54-9A1E7A4F7556}") = "Vanguard.Framework.Test", "src\Vanguard.Framework.Test\Vanguard.Framework.Test.csproj", "{7D786E4A-1038-4967-BFA8-C3625EB2D27E}"
EndProject
Project("{9A19103F-16F7-4668-BE54-9A1E7A4F7556}") = "Vanguard.Framework.Data", "src\Vanguard.Framework.Data\Vanguard.Framework.Data.csproj", "{7EF90957-2464-4445-99B3-9450F4ACA9A1}"
EndProject
Project("{2150E333-8FDC-42A3-9474-1A3956D46DE8}") = "src", "src", "{598C29F1-A96E-4ECE-9A0B-076173C0B418}"
EndProject
Project("{2150E333-8FDC-42A3-9474-1A3956D46DE8}") = "test", "test", "{5910B2D3-89FA-4698-98E3-E29205FDF9E7}"
EndProject
Project("{2150E333-8FDC-42A3-9474-1A3956D46DE8}") = "examples", "examples", "{9028BADB-AB90-4432-8E23-40D533008578}"
EndProject
Project("{9A19103F-16F7-4668-BE54-9A1E7A4F7556}") = "Vanguard.Framework.Data.Tests", "tests\Vanguard.Framework.Data.Tests\Vanguard.Framework.Data.Tests.csproj", "{969C100B-D456-4108-9FB3-32E271E59105}"
EndProject
Project("{9A19103F-16F7-4668-BE54-9A1E7A4F7556}") = "Vanguard.Framework.Http", "src\Vanguard.Framework.Http\Vanguard.Framework.Http.csproj", "{0E7036EB-3863-42F7-B266-058FD4985DE4}"
EndProject
Project("{9A19103F-16F7-4668-BE54-9A1E7A4F7556}") = "ExampleBusiness", "examples\ExampleBusiness\ExampleBusiness.csproj", "{0374F0E1-4628-4707-99E4-9BD7F962DAFF}"
EndProject
Project("{9A19103F-16F7-4668-BE54-9A1E7A4F7556}") = "ExampleData", "examples\ExampleData\ExampleData.csproj", "{0DACE5EC-0B48-47FA-A5E0-646EC134F443}"
EndProject
Project("{2150E333-8FDC-42A3-9474-1A3956D46DE8}") = "settings", "settings", "{75CAECAC-6B90-4794-BCE4-97A21A817956}"
	ProjectSection(SolutionItems) = preProject
		settings\Vanguard.ruleset = settings\Vanguard.ruleset
		settings\VanguardTest.ruleset = settings\VanguardTest.ruleset
	EndProjectSection
EndProject
Project("{9A19103F-16F7-4668-BE54-9A1E7A4F7556}") = "ExampleCommon", "examples\ExampleCommon\ExampleCommon.csproj", "{836EFD32-CB85-4DCD-BDD1-E79DA303D0AD}"
EndProject
Project("{2150E333-8FDC-42A3-9474-1A3956D46DE8}") = "tools", "tools", "{7453BEA9-3A90-4D9A-95AA-AD3F4F590FC7}"
EndProject
Project("{FAE04EC0-301F-11D3-BF4B-00C04F79EFBC}") = "VanguardFramework", "tools\VanguardFramework\VanguardFramework.csproj", "{5AE87392-6FE2-4E47-8FAD-8B7688955DD0}"
EndProject
Project("{FAE04EC0-301F-11D3-BF4B-00C04F79EFBC}") = "VanguardWizard", "tools\VanguardWizard\VanguardWizard.csproj", "{F71A4945-DCD4-4695-B02A-514F0EF5C4DC}"
EndProject
Project("{FAE04EC0-301F-11D3-BF4B-00C04F79EFBC}") = "VanguardWizard.Tests", "tests\VanguardWizard.Tests\VanguardWizard.Tests.csproj", "{3DFEBA29-D416-434B-BCDA-C5D635767B1A}"
EndProject
Project("{FAE04EC0-301F-11D3-BF4B-00C04F79EFBC}") = "VanguardTemplate", "tools\VanguardTemplate\VanguardTemplate.csproj", "{E8C608F5-6A67-4B89-A04B-5B6417AADA39}"
EndProject
Project("{FAE04EC0-301F-11D3-BF4B-00C04F79EFBC}") = "ExampleModels", "examples\ExampleModels\ExampleModels.csproj", "{DF8D2B6B-DE8F-4E15-AA3D-B4FEC9B67F5F}"
EndProject
Global
	GlobalSection(SolutionConfigurationPlatforms) = preSolution
		Debug|Any CPU = Debug|Any CPU
		Release|Any CPU = Release|Any CPU
	EndGlobalSection
	GlobalSection(ProjectConfigurationPlatforms) = postSolution
		{4286E3E3-EE0F-42F4-874B-CDE114844F93}.Debug|Any CPU.ActiveCfg = Debug|Any CPU
		{4286E3E3-EE0F-42F4-874B-CDE114844F93}.Debug|Any CPU.Build.0 = Debug|Any CPU
		{4286E3E3-EE0F-42F4-874B-CDE114844F93}.Release|Any CPU.ActiveCfg = Release|Any CPU
		{4286E3E3-EE0F-42F4-874B-CDE114844F93}.Release|Any CPU.Build.0 = Release|Any CPU
		{1F3FFCC8-8F48-4858-BA17-B516D609F831}.Debug|Any CPU.ActiveCfg = Debug|Any CPU
		{1F3FFCC8-8F48-4858-BA17-B516D609F831}.Debug|Any CPU.Build.0 = Debug|Any CPU
		{1F3FFCC8-8F48-4858-BA17-B516D609F831}.Release|Any CPU.ActiveCfg = Release|Any CPU
		{1F3FFCC8-8F48-4858-BA17-B516D609F831}.Release|Any CPU.Build.0 = Release|Any CPU
		{F38C8C6D-BB10-4E8D-B4AC-C369DAE646D9}.Debug|Any CPU.ActiveCfg = Debug|Any CPU
		{F38C8C6D-BB10-4E8D-B4AC-C369DAE646D9}.Debug|Any CPU.Build.0 = Debug|Any CPU
		{F38C8C6D-BB10-4E8D-B4AC-C369DAE646D9}.Release|Any CPU.ActiveCfg = Release|Any CPU
		{F38C8C6D-BB10-4E8D-B4AC-C369DAE646D9}.Release|Any CPU.Build.0 = Release|Any CPU
		{7D786E4A-1038-4967-BFA8-C3625EB2D27E}.Debug|Any CPU.ActiveCfg = Debug|Any CPU
		{7D786E4A-1038-4967-BFA8-C3625EB2D27E}.Debug|Any CPU.Build.0 = Debug|Any CPU
		{7D786E4A-1038-4967-BFA8-C3625EB2D27E}.Release|Any CPU.ActiveCfg = Release|Any CPU
		{7D786E4A-1038-4967-BFA8-C3625EB2D27E}.Release|Any CPU.Build.0 = Release|Any CPU
		{7EF90957-2464-4445-99B3-9450F4ACA9A1}.Debug|Any CPU.ActiveCfg = Debug|Any CPU
		{7EF90957-2464-4445-99B3-9450F4ACA9A1}.Debug|Any CPU.Build.0 = Debug|Any CPU
		{7EF90957-2464-4445-99B3-9450F4ACA9A1}.Release|Any CPU.ActiveCfg = Release|Any CPU
		{7EF90957-2464-4445-99B3-9450F4ACA9A1}.Release|Any CPU.Build.0 = Release|Any CPU
		{969C100B-D456-4108-9FB3-32E271E59105}.Debug|Any CPU.ActiveCfg = Debug|Any CPU
		{969C100B-D456-4108-9FB3-32E271E59105}.Debug|Any CPU.Build.0 = Debug|Any CPU
		{969C100B-D456-4108-9FB3-32E271E59105}.Release|Any CPU.ActiveCfg = Release|Any CPU
		{969C100B-D456-4108-9FB3-32E271E59105}.Release|Any CPU.Build.0 = Release|Any CPU
		{0E7036EB-3863-42F7-B266-058FD4985DE4}.Debug|Any CPU.ActiveCfg = Debug|Any CPU
		{0E7036EB-3863-42F7-B266-058FD4985DE4}.Debug|Any CPU.Build.0 = Debug|Any CPU
		{0E7036EB-3863-42F7-B266-058FD4985DE4}.Release|Any CPU.ActiveCfg = Release|Any CPU
		{0E7036EB-3863-42F7-B266-058FD4985DE4}.Release|Any CPU.Build.0 = Release|Any CPU
		{0374F0E1-4628-4707-99E4-9BD7F962DAFF}.Debug|Any CPU.ActiveCfg = Debug|Any CPU
		{0374F0E1-4628-4707-99E4-9BD7F962DAFF}.Debug|Any CPU.Build.0 = Debug|Any CPU
		{0374F0E1-4628-4707-99E4-9BD7F962DAFF}.Release|Any CPU.ActiveCfg = Release|Any CPU
		{0374F0E1-4628-4707-99E4-9BD7F962DAFF}.Release|Any CPU.Build.0 = Release|Any CPU
		{0DACE5EC-0B48-47FA-A5E0-646EC134F443}.Debug|Any CPU.ActiveCfg = Debug|Any CPU
		{0DACE5EC-0B48-47FA-A5E0-646EC134F443}.Debug|Any CPU.Build.0 = Debug|Any CPU
		{0DACE5EC-0B48-47FA-A5E0-646EC134F443}.Release|Any CPU.ActiveCfg = Release|Any CPU
		{0DACE5EC-0B48-47FA-A5E0-646EC134F443}.Release|Any CPU.Build.0 = Release|Any CPU
		{836EFD32-CB85-4DCD-BDD1-E79DA303D0AD}.Debug|Any CPU.ActiveCfg = Debug|Any CPU
		{836EFD32-CB85-4DCD-BDD1-E79DA303D0AD}.Debug|Any CPU.Build.0 = Debug|Any CPU
		{836EFD32-CB85-4DCD-BDD1-E79DA303D0AD}.Release|Any CPU.ActiveCfg = Release|Any CPU
		{836EFD32-CB85-4DCD-BDD1-E79DA303D0AD}.Release|Any CPU.Build.0 = Release|Any CPU
		{5AE87392-6FE2-4E47-8FAD-8B7688955DD0}.Debug|Any CPU.ActiveCfg = Debug|Any CPU
		{5AE87392-6FE2-4E47-8FAD-8B7688955DD0}.Debug|Any CPU.Build.0 = Debug|Any CPU
		{5AE87392-6FE2-4E47-8FAD-8B7688955DD0}.Release|Any CPU.ActiveCfg = Release|Any CPU
		{5AE87392-6FE2-4E47-8FAD-8B7688955DD0}.Release|Any CPU.Build.0 = Release|Any CPU
		{F71A4945-DCD4-4695-B02A-514F0EF5C4DC}.Debug|Any CPU.ActiveCfg = Debug|Any CPU
		{F71A4945-DCD4-4695-B02A-514F0EF5C4DC}.Debug|Any CPU.Build.0 = Debug|Any CPU
		{F71A4945-DCD4-4695-B02A-514F0EF5C4DC}.Release|Any CPU.ActiveCfg = Release|Any CPU
		{F71A4945-DCD4-4695-B02A-514F0EF5C4DC}.Release|Any CPU.Build.0 = Release|Any CPU
		{3DFEBA29-D416-434B-BCDA-C5D635767B1A}.Debug|Any CPU.ActiveCfg = Debug|Any CPU
		{3DFEBA29-D416-434B-BCDA-C5D635767B1A}.Debug|Any CPU.Build.0 = Debug|Any CPU
		{3DFEBA29-D416-434B-BCDA-C5D635767B1A}.Release|Any CPU.ActiveCfg = Release|Any CPU
		{3DFEBA29-D416-434B-BCDA-C5D635767B1A}.Release|Any CPU.Build.0 = Release|Any CPU
		{E8C608F5-6A67-4B89-A04B-5B6417AADA39}.Debug|Any CPU.ActiveCfg = Debug|Any CPU
		{E8C608F5-6A67-4B89-A04B-5B6417AADA39}.Debug|Any CPU.Build.0 = Debug|Any CPU
		{E8C608F5-6A67-4B89-A04B-5B6417AADA39}.Release|Any CPU.ActiveCfg = Release|Any CPU
		{E8C608F5-6A67-4B89-A04B-5B6417AADA39}.Release|Any CPU.Build.0 = Release|Any CPU
		{DF8D2B6B-DE8F-4E15-AA3D-B4FEC9B67F5F}.Debug|Any CPU.ActiveCfg = Debug|Any CPU
		{DF8D2B6B-DE8F-4E15-AA3D-B4FEC9B67F5F}.Debug|Any CPU.Build.0 = Debug|Any CPU
		{DF8D2B6B-DE8F-4E15-AA3D-B4FEC9B67F5F}.Release|Any CPU.ActiveCfg = Release|Any CPU
		{DF8D2B6B-DE8F-4E15-AA3D-B4FEC9B67F5F}.Release|Any CPU.Build.0 = Release|Any CPU
	EndGlobalSection
	GlobalSection(SolutionProperties) = preSolution
		HideSolutionNode = FALSE
	EndGlobalSection
	GlobalSection(NestedProjects) = preSolution
		{4286E3E3-EE0F-42F4-874B-CDE114844F93} = {598C29F1-A96E-4ECE-9A0B-076173C0B418}
		{1F3FFCC8-8F48-4858-BA17-B516D609F831} = {9028BADB-AB90-4432-8E23-40D533008578}
		{F38C8C6D-BB10-4E8D-B4AC-C369DAE646D9} = {5910B2D3-89FA-4698-98E3-E29205FDF9E7}
		{7D786E4A-1038-4967-BFA8-C3625EB2D27E} = {598C29F1-A96E-4ECE-9A0B-076173C0B418}
		{7EF90957-2464-4445-99B3-9450F4ACA9A1} = {598C29F1-A96E-4ECE-9A0B-076173C0B418}
		{969C100B-D456-4108-9FB3-32E271E59105} = {5910B2D3-89FA-4698-98E3-E29205FDF9E7}
		{0E7036EB-3863-42F7-B266-058FD4985DE4} = {598C29F1-A96E-4ECE-9A0B-076173C0B418}
		{0374F0E1-4628-4707-99E4-9BD7F962DAFF} = {9028BADB-AB90-4432-8E23-40D533008578}
		{0DACE5EC-0B48-47FA-A5E0-646EC134F443} = {9028BADB-AB90-4432-8E23-40D533008578}
		{836EFD32-CB85-4DCD-BDD1-E79DA303D0AD} = {9028BADB-AB90-4432-8E23-40D533008578}
		{5AE87392-6FE2-4E47-8FAD-8B7688955DD0} = {7453BEA9-3A90-4D9A-95AA-AD3F4F590FC7}
		{F71A4945-DCD4-4695-B02A-514F0EF5C4DC} = {7453BEA9-3A90-4D9A-95AA-AD3F4F590FC7}
		{3DFEBA29-D416-434B-BCDA-C5D635767B1A} = {5910B2D3-89FA-4698-98E3-E29205FDF9E7}
		{E8C608F5-6A67-4B89-A04B-5B6417AADA39} = {7453BEA9-3A90-4D9A-95AA-AD3F4F590FC7}
		{DF8D2B6B-DE8F-4E15-AA3D-B4FEC9B67F5F} = {9028BADB-AB90-4432-8E23-40D533008578}
	EndGlobalSection
	GlobalSection(ExtensibilityGlobals) = postSolution
		SolutionGuid = {E5130839-56AB-4ABF-89D0-65E15E0C544D}
	EndGlobalSection
EndGlobal
